<?xml version="1.0" encoding="utf-8"?>
<Project ToolsVersion="4.0" xmlns="http://schemas.microsoft.com/developer/msbuild/2003">
  <ItemGroup>
    <Filter Include="Source Files">
      <UniqueIdentifier>{4FC737F1-C7A5-4376-A066-2A32D752A2FF}</UniqueIdentifier>
      <Extensions>cpp;c;cc;cxx;c++;cppm;ixx;def;odl;idl;hpj;bat;asm;asmx</Extensions>
    </Filter>
    <Filter Include="Header Files">
      <UniqueIdentifier>{93995380-89BD-4b04-88EB-625FBE52EBFB}</UniqueIdentifier>
      <Extensions>h;hh;hpp;hxx;h++;hm;inl;inc;ipp;xsd</Extensions>
    </Filter>
    <Filter Include="Resource Files">
      <UniqueIdentifier>{67DA6AB6-F800-4c08-8B7A-83BB121AAD01}</UniqueIdentifier>
      <Extensions>rc;ico;cur;bmp;dlg;rc2;rct;bin;rgs;gif;jpg;jpeg;jpe;resx;tiff;tif;png;wav;mfcribbon-ms</Extensions>
    </Filter>
    <Filter Include="Header Files\ImGui">
      <UniqueIdentifier>{391f2b4a-76d3-4a8a-a8bd-3cf1ba0341a5}</UniqueIdentifier>
    </Filter>
    <Filter Include="Source Files\GOAP">
      <UniqueIdentifier>{dac35a04-5ab9-4736-ad63-7a0458d433b3}</UniqueIdentifier>
    </Filter>
    <Filter Include="Source Files\Actions">
      <UniqueIdentifier>{fe90e92e-2d86-4923-b948-b14023af0f0f}</UniqueIdentifier>
    </Filter>
    <Filter Include="Source Files\BT">
      <UniqueIdentifier>{8bce21be-0134-4ba6-9897-537351297cbe}</UniqueIdentifier>
    </Filter>
    <Filter Include="Source Files\BT\Nodes">
      <UniqueIdentifier>{52e0d71c-566a-4b91-9830-567d7a58d5bd}</UniqueIdentifier>
    </Filter>
    <Filter Include="Source Files\GameObjects">
      <UniqueIdentifier>{e1210521-3a71-420f-b66c-c94334fdc05b}</UniqueIdentifier>
    </Filter>
  </ItemGroup>
  <ItemGroup>
    <ClCompile Include="main.cpp">
      <Filter>Source Files</Filter>
    </ClCompile>
    <ClCompile Include="GameObject.cpp">
      <Filter>Source Files</Filter>
    </ClCompile>
    <ClCompile Include="ComponentSystem.cpp">
      <Filter>Source Files</Filter>
    </ClCompile>
    <ClCompile Include="GameWorld.cpp">
      <Filter>Source Files</Filter>
    </ClCompile>
    <ClCompile Include="GameWorldTime.cpp">
      <Filter>Source Files</Filter>
    </ClCompile>
    <ClCompile Include="Any.cpp">
      <Filter>Source Files\BT</Filter>
    </ClCompile>
    <ClCompile Include="BTBlackboard.cpp">
      <Filter>Source Files\BT</Filter>
    </ClCompile>
    <ClCompile Include="BTNodes.cpp">
      <Filter>Source Files\BT</Filter>
    </ClCompile>
    <ClCompile Include="Components.cpp">
      <Filter>Source Files</Filter>
    </ClCompile>
    <ClCompile Include="common\include\tinyxml2.cpp">
      <Filter>Source Files</Filter>
    </ClCompile>
    <ClCompile Include="common\include\imgui-master\imgui.cpp">
      <Filter>Header Files\ImGui</Filter>
    </ClCompile>
    <ClCompile Include="common\include\imgui-master\imgui_demo.cpp">
      <Filter>Header Files\ImGui</Filter>
    </ClCompile>
    <ClCompile Include="common\include\imgui-master\imgui_draw.cpp">
      <Filter>Header Files\ImGui</Filter>
    </ClCompile>
    <ClCompile Include="common\include\imgui-master\imgui_tables.cpp">
      <Filter>Header Files\ImGui</Filter>
    </ClCompile>
    <ClCompile Include="common\include\imgui-master\imgui_widgets.cpp">
      <Filter>Header Files\ImGui</Filter>
    </ClCompile>
    <ClCompile Include="common\include\imgui-master\examples\imgui_impl_glfw.cpp">
      <Filter>Header Files\ImGui</Filter>
    </ClCompile>
    <ClCompile Include="common\include\imgui-master\examples\imgui_impl_opengl3.cpp">
      <Filter>Header Files\ImGui</Filter>
    </ClCompile>
    <ClCompile Include="BTFactory.cpp">
      <Filter>Source Files\BT</Filter>
    </ClCompile>
    <ClCompile Include="BehaviorTreeDefinitions.cpp">
      <Filter>Source Files\GameObjects</Filter>
    </ClCompile>
    <ClCompile Include="AI.cpp">
      <Filter>Source Files</Filter>
    </ClCompile>
    <ClCompile Include="ActionDatabase.cpp">
      <Filter>Source Files\Actions</Filter>
    </ClCompile>
    <ClCompile Include="Agent.cpp">
      <Filter>Source Files\GameObjects</Filter>
    </ClCompile>
    <ClCompile Include="Actions.cpp">
      <Filter>Source Files\Actions</Filter>
    </ClCompile>
  </ItemGroup>
  <ItemGroup>
    <ClInclude Include="main.h">
      <Filter>Source Files</Filter>
    </ClInclude>
    <ClInclude Include="GameObject.h">
      <Filter>Source Files</Filter>
    </ClInclude>
    <ClInclude Include="Timer.h">
      <Filter>Source Files</Filter>
    </ClInclude>
    <ClInclude Include="ComponentSystem.h">
      <Filter>Source Files</Filter>
    </ClInclude>
    <ClInclude Include="GameWorld.h">
      <Filter>Source Files</Filter>
    </ClInclude>
    <ClInclude Include="GameObjectCreator.h">
      <Filter>Source Files</Filter>
    </ClInclude>
    <ClInclude Include="ColorConsole.h">
      <Filter>Source Files</Filter>
    </ClInclude>
    <ClInclude Include="GameWorldTime.h">
      <Filter>Source Files</Filter>
    </ClInclude>
    <ClInclude Include="BTInterface.h">
      <Filter>Source Files\BT</Filter>
    </ClInclude>
    <ClInclude Include="Any.h">
      <Filter>Source Files\BT</Filter>
    </ClInclude>
    <ClInclude Include="BehaviorTree.h">
      <Filter>Source Files\BT</Filter>
    </ClInclude>
    <ClInclude Include="BTBlackboard.h">
      <Filter>Source Files\BT</Filter>
    </ClInclude>
    <ClInclude Include="BTFactory.h">
      <Filter>Source Files\BT</Filter>
    </ClInclude>
    <ClInclude Include="BTNode.h">
      <Filter>Source Files\BT</Filter>
    </ClInclude>
    <ClInclude Include="BTNodes.h">
      <Filter>Source Files\BT</Filter>
    </ClInclude>
    <ClInclude Include="BTMoveToRandomPosition.h">
      <Filter>Source Files\BT\Nodes</Filter>
    </ClInclude>
    <ClInclude Include="Components.h">
      <Filter>Source Files</Filter>
    </ClInclude>
    <ClInclude Include="BTCommon.h">
      <Filter>Source Files\BT</Filter>
    </ClInclude>
    <ClInclude Include="common\include\tinyxml2.h">
      <Filter>Source Files</Filter>
    </ClInclude>
    <ClInclude Include="common\include\imgui-master\imconfig.h">
      <Filter>Header Files\ImGui</Filter>
    </ClInclude>
    <ClInclude Include="common\include\imgui-master\imgui.h">
      <Filter>Header Files\ImGui</Filter>
    </ClInclude>
    <ClInclude Include="common\include\imgui-master\imgui_internal.h">
      <Filter>Header Files\ImGui</Filter>
    </ClInclude>
    <ClInclude Include="common\include\imgui-master\imstb_rectpack.h">
      <Filter>Header Files\ImGui</Filter>
    </ClInclude>
    <ClInclude Include="common\include\imgui-master\imstb_textedit.h">
      <Filter>Header Files\ImGui</Filter>
    </ClInclude>
    <ClInclude Include="common\include\imgui-master\imstb_truetype.h">
      <Filter>Header Files\ImGui</Filter>
    </ClInclude>
    <ClInclude Include="common\include\imgui-master\examples\imgui_impl_glfw.h">
      <Filter>Header Files\ImGui</Filter>
    </ClInclude>
    <ClInclude Include="common\include\imgui-master\examples\imgui_impl_opengl3.h">
      <Filter>Header Files\ImGui</Filter>
    </ClInclude>
    <ClInclude Include="AgentStats.h">
      <Filter>Source Files\GameObjects</Filter>
    </ClInclude>
    <ClInclude Include="AgentNeeds.h">
      <Filter>Source Files\GameObjects</Filter>
    </ClInclude>
    <ClInclude Include="AgentRole.h">
      <Filter>Source Files\GameObjects</Filter>
    </ClInclude>
    <ClInclude Include="BehaviorTreeDefinitions.h">
      <Filter>Source Files\GameObjects</Filter>
    </ClInclude>
    <ClInclude Include="AI.h">
      <Filter>Source Files</Filter>
    </ClInclude>
    <ClInclude Include="SmartObject.h">
      <Filter>Source Files\GameObjects</Filter>
    </ClInclude>
    <ClInclude Include="OwnershipCmp.h">
      <Filter>Source Files\GameObjects</Filter>
    </ClInclude>
    <ClInclude Include="Agent.h">
      <Filter>Source Files\GameObjects</Filter>
    </ClInclude>
    <ClInclude Include="Inventory.h">
      <Filter>Source Files\GameObjects</Filter>
    </ClInclude>
    <ClInclude Include="DaySchedule.h">
      <Filter>Source Files\GameObjects</Filter>
    </ClInclude>
    <ClInclude Include="WorldState.h">
      <Filter>Source Files\GameObjects</Filter>
    </ClInclude>
    <ClInclude Include="Action.h">
      <Filter>Source Files\Actions</Filter>
    </ClInclude>
    <ClInclude Include="ActionDatabase.h">
      <Filter>Source Files\Actions</Filter>
    </ClInclude>
    <ClInclude Include="Actions.h">
      <Filter>Source Files\Actions</Filter>
    </ClInclude>
  </ItemGroup>
</Project>